<?xml version="1.0" encoding="utf-8"?>
<Project ToolsVersion="4.0" xmlns="http://schemas.microsoft.com/developer/msbuild/2003">
  <ItemGroup>
    <Filter Include="Source Files">
      <UniqueIdentifier>{4FC737F1-C7A5-4376-A066-2A32D752A2FF}</UniqueIdentifier>
      <Extensions>cpp;c;cc;cxx;c++;cppm;ixx;def;odl;idl;hpj;bat;asm;asmx</Extensions>
    </Filter>
    <Filter Include="Header Files">
      <UniqueIdentifier>{93995380-89BD-4b04-88EB-625FBE52EBFB}</UniqueIdentifier>
      <Extensions>h;hh;hpp;hxx;h++;hm;inl;inc;ipp;xsd</Extensions>
    </Filter>
    <Filter Include="Resource Files">
      <UniqueIdentifier>{67DA6AB6-F800-4c08-8B7A-83BB121AAD01}</UniqueIdentifier>
      <Extensions>rc;ico;cur;bmp;dlg;rc2;rct;bin;rgs;gif;jpg;jpeg;jpe;resx;tiff;tif;png;wav;mfcribbon-ms</Extensions>
    </Filter>
    <Filter Include="External Libraries">
      <UniqueIdentifier>{A1B2C3D4-E5F6-7890-ABCD-EF1234567890}</UniqueIdentifier>
    </Filter>
    <Filter Include="External Libraries\ImGui">
      <UniqueIdentifier>{B2C3D4E5-F6G7-8901-BCDE-F23456789012}</UniqueIdentifier>
    </Filter>
    <Filter Include="External Libraries\ImNodes">
      <UniqueIdentifier>{C3D4E5F6-G7H8-9012-CDEF-345678901234}</UniqueIdentifier>
    </Filter>
    <Filter Include="External Libraries\ImPlot">
      <UniqueIdentifier>{D4E5F6G7-H8I9-0123-DEF0-456789012345}</UniqueIdentifier>
    </Filter>
  </ItemGroup>
  <ItemGroup>
    <ClInclude Include="framework.h">
      <Filter>Header Files</Filter>
    </ClInclude>
    <ClInclude Include="CSVNodeEditor.h">
      <Filter>Header Files</Filter>
    </ClInclude>
    <ClInclude Include="NodeEditor.h">
      <Filter>Header Files</Filter>
    </ClInclude>
    <ClInclude Include="CSVData.h">
      <Filter>Header Files</Filter>
    </ClInclude>
    <ClInclude Include="NodeTypes.h">
      <Filter>Header Files</Filter>
    </ClInclude>
  </ItemGroup>
  <ItemGroup>
    <ClCompile Include="dllmain.cpp">
      <Filter>Source Files</Filter>
    </ClCompile>
    <ClCompile Include="CSVNodeEditor.cpp">
      <Filter>Source Files</Filter>
    </ClCompile>
    <ClCompile Include="NodeEditor.cpp">
      <Filter>Source Files</Filter>
    </ClCompile>
    <ClCompile Include="CSVData.cpp">
      <Filter>Source Files</Filter>
    </ClCompile>
    <ClCompile Include="NodeTypes.cpp">
      <Filter>Source Files</Filter>
    </ClCompile>
  </ItemGroup>
  <ItemGroup>
    <ClInclude Include="external\imgui\imgui.h">
      <Filter>External Libraries\ImGui</Filter>
    </ClInclude>
    <ClInclude Include="external\imgui\imgui_internal.h">
      <Filter>External Libraries\ImGui</Filter>
    </ClInclude>
    <ClCompile Include="external\imgui\imgui.cpp">
      <Filter>External Libraries\ImGui</Filter>
    </ClCompile>
    <ClCompile Include="external\imgui\imgui_demo.cpp">
      <Filter>External Libraries\ImGui</Filter>
    </ClCompile>
    <ClCompile Include="external\imgui\imgui_draw.cpp">
      <Filter>External Libraries\ImGui</Filter>
    </ClCompile>
    <ClCompile Include="external\imgui\imgui_tables.cpp">
      <Filter>External Libraries\ImGui</Filter>
    </ClCompile>
    <ClCompile Include="external\imgui\imgui_widgets.cpp">
      <Filter>External Libraries\ImGui</Filter>
    </ClCompile>
  </ItemGroup>
  <ItemGroup>
    <ClInclude Include="external\imnodes\imnodes.h">
      <Filter>External Libraries\ImNodes</Filter>
    </ClInclude>
    <ClInclude Include="external\imnodes\imnodes_internal.h">
      <Filter>External Libraries\ImNodes</Filter>
    </ClInclude>
    <ClCompile Include="external\imnodes\imnodes.cpp">
      <Filter>External Libraries\ImNodes</Filter>
    </ClCompile>
  </ItemGroup>
  <ItemGroup>
    <ClInclude Include="external\implot\implot.h">
      <Filter>External Libraries\ImPlot</Filter>
    </ClInclude>
    <ClInclude Include="external\implot\implot_internal.h">
      <Filter>External Libraries\ImPlot</Filter>
    </ClInclude>
    <ClCompile Include="external\implot\implot.cpp">
      <Filter>External Libraries\ImPlot</Filter>
    </ClCompile>
    <ClCompile Include="external\implot\implot_items.cpp">
      <Filter>External Libraries\ImPlot</Filter>
    </ClCompile>
  </ItemGroup>
</Project>
